
Microsoft Visual Studio Solution File, Format Version 12.00
# Visual Studio 15
VisualStudioVersion = 15.0.26621.2
MinimumVisualStudioVersion = 10.0.40219.1
Project("{FAE04EC0-301F-11D3-BF4B-00C04F79EFBC}") = "Cowsay.Net", "Cowsay.Net\Cowsay.Net.csproj", "{94179863-711D-4F57-9BC0-DE96F759121D}"
EndProject
Global
	GlobalSection(SolutionConfigurationPlatforms) = preSolution
		Debug|Any CPU = Debug|Any CPU
		Release|Any CPU = Release|Any CPU
	EndGlobalSection
	GlobalSection(ProjectConfigurationPlatforms) = postSolution
		{94179863-711D-4F57-9BC0-DE96F759121D}.Debug|Any CPU.ActiveCfg = Debug|Any CPU
		{94179863-711D-4F57-9BC0-DE96F759121D}.Debug|Any CPU.Build.0 = Debug|Any CPU
		{94179863-711D-4F57-9BC0-DE96F759121D}.Release|Any CPU.ActiveCfg = Release|Any CPU
		{94179863-711D-4F57-9BC0-DE96F759121D}.Release|Any CPU.Build.0 = Release|Any CPU
	EndGlobalSection
	GlobalSection(SolutionProperties) = preSolution
		HideSolutionNode = FALSE
	EndGlobalSection
	GlobalSection(ExtensibilityGlobals) = postSolution
		SolutionGuid = {0312D394-5103-4E87-A03E-8CDB348DF41B}
	EndGlobalSection
EndGlobal
